
Microsoft Visual Studio Solution File, Format Version 12.00
# Visual Studio Version 17
VisualStudioVersion = 17.4.33122.133
MinimumVisualStudioVersion = 10.0.40219.1
Project("{FAE04EC0-301F-11D3-BF4B-00C04F79EFBC}") = "yExcelFunctions", "yExcelFunctions\yExcelFunctions.csproj", "{A8B3AF1F-B7BF-438F-85CB-3DD73CF583A7}"
EndProject
Global
	GlobalSection(SolutionConfigurationPlatforms) = preSolution
		Debug|Any CPU = Debug|Any CPU
		Release|Any CPU = Release|Any CPU
	EndGlobalSection
	GlobalSection(ProjectConfigurationPlatforms) = postSolution
		{A8B3AF1F-B7BF-438F-85CB-3DD73CF583A7}.Debug|Any CPU.ActiveCfg = Debug|Any CPU
		{A8B3AF1F-B7BF-438F-85CB-3DD73CF583A7}.Debug|Any CPU.Build.0 = Debug|Any CPU
		{A8B3AF1F-B7BF-438F-85CB-3DD73CF583A7}.Release|Any CPU.ActiveCfg = Release|Any CPU
		{A8B3AF1F-B7BF-438F-85CB-3DD73CF583A7}.Release|Any CPU.Build.0 = Release|Any CPU
	EndGlobalSection
	GlobalSection(SolutionProperties) = preSolution
		HideSolutionNode = FALSE
	EndGlobalSection
	GlobalSection(ExtensibilityGlobals) = postSolution
		SolutionGuid = {0F8B5BE7-53FD-40D1-801F-95CAA1701710}
	EndGlobalSection
EndGlobal
